---
category: smart-lock
tests:
- sentences:
  - Please lock the front door
  tool_call:
    intent_name: HassTurnOn
    slots:
      name: Front Door
- sentences:
  - Lock the front door
  tool_call:
    intent_name: HassTurnOn
    slots:
      name: Front Door
- sentences:
  - Please unlock the front door
  tool_call:
    intent_name: HassTurnOff
    slots:
      name: Front Door
- sentences:
  - Unlock the front door
  tool_call:
    intent_name: HassTurnOff
    slots:
      name: Front Door
