---
uuid: c0fd91cd-ccc7-4082-958e-f77277478103
task_id: home1_us_lock_smart_lock-unlock_the_entry_lock
category: lock
task:
  input_text: Unlock the entry lock
  expect_changes:
    lock.smart_lock:
      state: unlocked
      attributes: null
response: unlocking entry lock now
context:
  unexpected_states:
    lock.smart_lock:
      expected:
        state: unlocked
      got:
        state: locked
  conversation_trace:
  - event_type: async_process
    data:
      text: Unlock the entry lock
      context:
        id: 01J3CER21RQBXJCEZXHA98Z1JS
        parent_id: null
        user_id: null
      conversation_id: null
      device_id: null
      language: en
      agent_id: 01J3CER2182THZM9FHM5QHEPVB
  - event_type: llm_tool_call
    data:
      tool_name: HassCallService
      tool_args:
        service: lock.unlock
        target_device: lock.entry_lock
