---
home: villa-bella-it
location: Tuscan countryside
type: Luxury villa
device:
  name: Smart Lock
  device_type: smart-lock
  device_info:
    model: Smart Lock
    manufacturer: August
    sw_version: 1.1.22
  attributes:
  - unit_of_measure: locked/unlocked
  area: Garage
capabilities:
- Lock
- Unlock
actions:
  actions:
  - action: Lock
    sentences:
    - Lock the garage door
    - Lock the garage
    - Please lock the smart lock
  - action: Unlock
    sentences:
    - Unlock the garage door
    - Unlock the garage
    - Please unlock the smart lock
