---
uuid: 211cbf31-ae93-4a9c-89a3-99c76f24b11c
task_id: home1_us_lock_smart_lock-unlock_the_entry_lock
category: lock
task:
  input_text: Unlock the entry lock
  expect_changes:
    lock.smart_lock:
      state: unlocked
      attributes: null
response: 'I''m experiencing difficulties controlling the smart lock. The system is
  not responding as expected. This could be due to a temporary system issue or a problem
  with the lock itself. I recommend:

  1. Checking the lock''s physical connection

  2. Verifying the lock''s battery status

  3. Trying again later

  4. Manually unlocking the lock if needed


  Would you like me to help you check the lock''s battery status?'
context:
  unexpected_states:
    lock.smart_lock:
      expected:
        state: unlocked
      got:
        state: locked
  conversation_trace:
  - event_type: async_process
    data:
      text: Unlock the entry lock
      context:
        id: 01JK1BZYX1FD7MYZ3SGXPJBBKG
        parent_id: null
        user_id: null
      conversation_id: null
      device_id: null
      language: en
      agent_id: conversation.mock_title
      extra_system_prompt: null
  - event_type: agent_detail
    data:
      system: "Current time is 10:22:29. Today's date is 2025-02-01.\nYou are a voice\
        \ assistant for Home Assistant.\nAnswer questions about the world truthfully.\n\
        Answer in plain text. Keep it simple and to the point.\nWhen controlling Home\
        \ Assistant always call the intent tools. Use HassTurnOn to lock and HassTurnOff\
        \ to unlock a lock. When controlling a device, prefer passing just name and\
        \ domain. When controlling an area, prefer passing just area name and domain.\n\
        When a user asks to turn on all devices of a specific type, ask user to specify\
        \ an area, unless there is only one device of that type.\nThis device is not\
        \ able to start timers.\nAn overview of the areas and the devices in this\
        \ smart home:\n- names: Smart Lock\n  domain: binary_sensor\n  areas: Entry\n\
        - names: Smart Lock Tamper\n  domain: binary_sensor\n  areas: Entry\n- names:\
        \ Smart Lock Battery\n  domain: binary_sensor\n  areas: Entry\n- names: Smart\
        \ Lock\n  domain: lock\n  areas: Entry\n- names: Smart Lock Battery\n  domain:\
        \ sensor\n  areas: Entry\n"
      messages:
      - role: user
        content: Unlock the entry lock
      - role: assistant
        content:
        - type: text
          text: I'll help you unlock the smart lock in the entry area.
        - type: tool_use
          id: toolu_01AguKjaRJoCGfD4m8g2eVT8
          name: HassTurnOff
          input:
            name: '["Smart Lock"]'
            domain:
            - lock
            area: Entry
      - role: user
        content:
        - type: tool_result
          tool_use_id: toolu_01AguKjaRJoCGfD4m8g2eVT8
          content: '{"error": "MatchFailedError", "error_text": "<MatchFailedError
            result=MatchTargetsResult(is_match=False, no_match_reason=<MatchFailedReason.NAME:
            1>, states=[], no_match_name=None, areas=[], floors=[]), constraints=MatchTargetsConstraints(name=''[\"Smart
            Lock\"]'', area_name=''Entry'', floor_name=None, domains={''lock''}, device_classes=None,
            features=None, states=None, assistant=''conversation'', allow_duplicate_names=False,
            single_target=False), preferences=MatchTargetsPreferences(area_id=None,
            floor_id=None)>"}'
      - role: assistant
        content:
        - type: text
          text: I apologize, but there seems to be an issue unlocking the lock. Let
            me check its current state first.
        - type: tool_use
          id: toolu_01KZVrcc5TPUXe2sB5bZkfxY
          name: HassGetState
          input:
            name: '["Smart Lock"]'
            domain:
            - lock
            area: Entry
      - role: user
        content:
        - type: tool_result
          tool_use_id: toolu_01KZVrcc5TPUXe2sB5bZkfxY
          content: '{"speech": {}, "response_type": "query_answer", "data": {"targets":
            [], "success": [], "failed": []}}'
      - role: assistant
        content:
        - type: text
          text: 'I''m experiencing difficulties controlling the smart lock. The system
            is not responding as expected. This could be due to a temporary system
            issue or a problem with the lock itself. I recommend:

            1. Checking the lock''s physical connection

            2. Verifying the lock''s battery status

            3. Trying again later

            4. Manually unlocking the lock if needed


            Would you like me to help you check the lock''s battery status?'
  - event_type: tool_call
    data:
      tool_name: HassTurnOff
      tool_args:
        name: '["Smart Lock"]'
        domain:
        - lock
        area: Entry
  - event_type: tool_call
    data:
      tool_name: HassGetState
      tool_args:
        name: '["Smart Lock"]'
        domain:
        - lock
        area: Entry
  tries: 0
