---
uuid: f67a12d6-0991-4805-a6e2-8de045add92d
task_id: home1_us_smart_lock-unlock_the_entry_lock
category: lock
task:
  input_text: Unlock the entry lock
  expect_changes:
    lock.smart_lock:
      state: unlocked
      attributes: null
response: Unlocked
context:
  unexpected_states: {}
  conversation_trace:
  - event_type: async_process
    data:
      text: Unlock the entry lock
      context:
        id: 01J0YXM9DDXN12JPATQ5F4DZY5
        parent_id: null
        user_id: null
      conversation_id: null
      device_id: null
      language: en
      agent_id: conversation.home_assistant
