---
uuid: 1409256f-4369-4d38-b1d6-c82968e7b631
task_id: home1_us_lock_smart_lock-unlock_the_entry_lock
model_id: null
category: lock
task:
  input_text: Unlock the entry lock
  expect_changes:
    lock.smart_lock:
      state: unlocked
      attributes: null
response: |-
  <think>
  Okay, the user asked to unlock the entry lock. Let me check the devices. There's a lock named Smart Lock in the Entry area, and its state is locked. To unlock it, I need to use HassTurnOff because that's the function for turning off/closing entities, which in this case means unlocking. The parameters should include the domain "lock" and the name "Smart Lock". I'll make sure there are no other locks in the Entry area. Since there's only one, I can proceed. The tool call was made correctly, and the response shows success. So the lock is now unlocked. I'll confirm that to the user simply.
  </think>

  The entry lock has been successfully unlocked.
context:
  unexpected_states: {}
  conversation_trace:
  - event_type: async_process
    data:
      text: Unlock the entry lock
      context:
        id: 01JPD723WTRYVK6SJGDRX651S7
        parent_id: null
        user_id: null
      conversation_id: null
      device_id: null
      language: en
      agent_id: conversation.mock_title
      extra_system_prompt: null
  - event_type: agent_detail
    data:
      messages:
      - role: system
        content: |
          Current time is 08:34:15. Today's date is 2025-03-15.
          You are a voice assistant for Home Assistant.
          Answer questions about the world truthfully.
          Answer in plain text. Keep it simple and to the point.
          When controlling Home Assistant always call the intent tools. Use HassTurnOn to lock and HassTurnOff to unlock a lock. When controlling a device, prefer passing just name and domain. When controlling an area, prefer passing just area name and domain.
          When a user asks to turn on all devices of a specific type, ask user to specify an area, unless there is only one device of that type.
          This device is not able to start timers.
          An overview of the areas and the devices in this smart home:
          - names: Smart Lock
            domain: binary_sensor
            state: 'off'
            areas: Entry
            attributes:
              device_class: lock
          - names: Smart Lock Tamper
            domain: binary_sensor
            state: 'off'
            areas: Entry
            attributes:
              device_class: tamper
          - names: Smart Lock Battery
            domain: binary_sensor
            state: 'off'
            areas: Entry
            attributes:
              device_class: battery
          - names: Smart Lock Battery
            domain: sensor
            state: '90'
            areas: Entry
            attributes:
              unit_of_measurement: '%'
              device_class: battery
          - names: Smart Lock
            domain: lock
            state: locked
            areas: Entry
      - role: user
        content: Unlock the entry lock
      - role: assistant
        agent_id: conversation.mock_title
        content: null
        tool_calls:
        - tool_name: HassTurnOff
          tool_args:
            domain: lock
            name: Smart Lock
          id: 01JPD72B28GHK5SDYCNGK0G45E
      - role: tool_result
        agent_id: conversation.mock_title
        tool_call_id: 01JPD72B28GHK5SDYCNGK0G45E
        tool_name: HassTurnOff
        tool_result:
          speech: {}
          response_type: action_done
          data:
            targets: []
            success:
            - name: Smart Lock
              type:
              - entity
              id: lock.smart_lock
            failed: []
      - role: assistant
        agent_id: conversation.mock_title
        content: |-
          <think>
          Okay, the user asked to unlock the entry lock. Let me check the devices. There's a lock named Smart Lock in the Entry area, and its state is locked. To unlock it, I need to use HassTurnOff because that's the function for turning off/closing entities, which in this case means unlocking. The parameters should include the domain "lock" and the name "Smart Lock". I'll make sure there are no other locks in the Entry area. Since there's only one, I can proceed. The tool call was made correctly, and the response shows success. So the lock is now unlocked. I'll confirm that to the user simply.
          </think>

          The entry lock has been successfully unlocked.
        tool_calls: null
      tools:
      - name: HassTurnOn
        description: Turns on/opens a device or entity
        parameters: '{Any(''name'', ''area'', ''floor'', msg=None): <function non_empty_string
          at 0x79bca78016c0>, ''domain'': All(<function ensure_list at 0x79bca9e59760>,
          [<function string at 0x79bca9e5ade0>], msg=None), ''device_class'': All(<function
          ensure_list at 0x79bca9e59760>, [In([''water'', ''gas'', ''outlet'', ''switch'',
          ''awning'', ''blind'', ''curtain'', ''damper'', ''door'', ''garage'', ''gate'',
          ''shade'', ''shutter'', ''window'', ''tv'', ''speaker'', ''receiver''])],
          msg=None)}'
      - name: HassTurnOff
        description: Turns off/closes a device or entity
        parameters: '{Any(''name'', ''area'', ''floor'', msg=None): <function non_empty_string
          at 0x79bca78016c0>, ''domain'': All(<function ensure_list at 0x79bca9e59760>,
          [<function string at 0x79bca9e5ade0>], msg=None), ''device_class'': All(<function
          ensure_list at 0x79bca9e59760>, [In([''water'', ''gas'', ''outlet'', ''switch'',
          ''awning'', ''blind'', ''curtain'', ''damper'', ''door'', ''garage'', ''gate'',
          ''shade'', ''shutter'', ''window'', ''tv'', ''speaker'', ''receiver''])],
          msg=None)}'
      - name: HassCancelAllTimers
        description: Cancels all timers
        parameters: '{''area'': <function string at 0x79bca9e5ade0>}'
  - event_type: tool_call
    data:
      tool_name: HassTurnOff
      tool_args:
        domain: lock
        name: Smart Lock
  tries: 0
