---
uuid: 309e39a9-4e6e-4845-aa4f-bf637b15668a
task_id: home1-us-['smart-lock-entry-unlocked']-Lock smart lock
task:
  home_id: home1-us
  input_text: Lock smart lock
  device_states:
  - name: Smart Lock
    state: unlocked
    area: Entry
  expected_entity_changes:
    lock.smart_lock:
      state: locked
response: Sorry, there are multiple devices called Smart Lock
context:
  device_context:
    unexpected_states:
      lock.smart_lock:
        expected:
          state: locked
        got:
          state: unlocked
  conversation_trace:
    id: 01HZ43P2QWMCBKY75NMH7QGMNC
    events:
    - event_type: !!python/object/apply:homeassistant.components.conversation.trace.ConversationTraceEventType
      - async_process
      data:
        text: Lock smart lock
        context: !!python/object:homeassistant.core.Context
          id: 01HZ43P2QW7000HP3VQCW780FM
          user_id: null
          parent_id: null
          origin_event: null
        conversation_id: null
        device_id: null
        language: en
        agent_id: conversation.home_assistant
      timestamp: '2024-05-30T06:41:03.740488+00:00'
    result:
      response:
        speech:
          plain:
            speech: Sorry, there are multiple devices called Smart Lock
            extra_data: null
        card: {}
        language: en
        response_type: error
        data:
          code: no_valid_targets
      conversation_id: null
---
uuid: 14a04f69-f7c2-40ad-a338-9633d4e121b3
task_id: home1-us-['smart-lock-entry-unlocked']-Lock the front door lock
task:
  home_id: home1-us
  input_text: Lock the front door lock
  device_states:
  - name: Smart Lock
    state: unlocked
    area: Entry
  expected_entity_changes:
    lock.smart_lock:
      state: locked
response: Sorry, I am not aware of any device called front door lock
context:
  device_context:
    unexpected_states:
      lock.smart_lock:
        expected:
          state: locked
        got:
          state: unlocked
  conversation_trace:
    id: 01HZ43P2TYXW8EP12T36ZKQMTJ
    events:
    - event_type: !!python/object/apply:homeassistant.components.conversation.trace.ConversationTraceEventType
      - async_process
      data:
        text: Lock the front door lock
        context: !!python/object:homeassistant.core.Context
          id: 01HZ43P2TY5Y4NMDB7JD039HNK
          user_id: null
          parent_id: null
          origin_event: null
        conversation_id: null
        device_id: null
        language: en
        agent_id: conversation.home_assistant
      timestamp: '2024-05-30T06:41:03.838850+00:00'
    result:
      response:
        speech:
          plain:
            speech: Sorry, I am not aware of any device called front door lock
            extra_data: null
        card: {}
        language: en
        response_type: error
        data:
          code: no_valid_targets
      conversation_id: null
---
uuid: 4345d37a-29b3-4191-ab0f-22396207f6a1
task_id: home1-us-['smart-lock-entry-unlocked']-Lock the entry lock
task:
  home_id: home1-us
  input_text: Lock the entry lock
  device_states:
  - name: Smart Lock
    state: unlocked
    area: Entry
  expected_entity_changes:
    lock.smart_lock:
      state: locked
response: Locked
context:
  device_context:
    unexpected_states: {}
  conversation_trace:
    id: 01HZ43P2XMA6YJH8EY9XZGJ3W1
    events:
    - event_type: !!python/object/apply:homeassistant.components.conversation.trace.ConversationTraceEventType
      - async_process
      data:
        text: Lock the entry lock
        context: !!python/object:homeassistant.core.Context
          id: 01HZ43P2XM8E5RH8RF93PXK485
          user_id: null
          parent_id: null
          origin_event: null
        conversation_id: null
        device_id: null
        language: en
        agent_id: conversation.home_assistant
      timestamp: '2024-05-30T06:41:03.924308+00:00'
    result:
      response:
        speech:
          plain:
            speech: Locked
            extra_data: null
        card: {}
        language: en
        response_type: action_done
        data:
          targets: []
          success:
          - name: Entry
            type: !!python/object/apply:homeassistant.helpers.intent.IntentResponseTargetType
            - area
            id: entry
          - name: Smart Lock
            type: !!python/object/apply:homeassistant.helpers.intent.IntentResponseTargetType
            - entity
            id: lock.smart_lock
          failed: []
      conversation_id: null
---
uuid: b15175d7-fe59-4372-a350-164d5b99eb0a
task_id: home1-us-['smart-lock-entry-unlocked']-Lock the smart lock
task:
  home_id: home1-us
  input_text: Lock the smart lock
  device_states:
  - name: Smart Lock
    state: unlocked
    area: Entry
  expected_entity_changes:
    lock.smart_lock:
      state: locked
response: Sorry, there are multiple devices called Smart Lock
context:
  device_context:
    unexpected_states:
      lock.smart_lock:
        expected:
          state: locked
        got:
          state: unlocked
  conversation_trace:
    id: 01HZ43P2ZNJFNDYGAF9835209X
    events:
    - event_type: !!python/object/apply:homeassistant.components.conversation.trace.ConversationTraceEventType
      - async_process
      data:
        text: Lock the smart lock
        context: !!python/object:homeassistant.core.Context
          id: 01HZ43P2ZNCSN8WN7R0CYHS14A
          user_id: null
          parent_id: null
          origin_event: null
        conversation_id: null
        device_id: null
        language: en
        agent_id: conversation.home_assistant
      timestamp: '2024-05-30T06:41:03.989126+00:00'
    result:
      response:
        speech:
          plain:
            speech: Sorry, there are multiple devices called Smart Lock
            extra_data: null
        card: {}
        language: en
        response_type: error
        data:
          code: no_valid_targets
      conversation_id: null
---
uuid: df184372-a0e3-4eab-9264-4031bd4798e2
task_id: home1-us-['smart-lock-entry-unlocked']-Lock all the locks
task:
  home_id: home1-us
  input_text: Lock all the locks
  device_states:
  - name: Smart Lock
    state: unlocked
    area: Entry
  expected_entity_changes:
    lock.smart_lock:
      state: locked
response: Sorry, I am not aware of any area called locks
context:
  device_context:
    unexpected_states:
      lock.smart_lock:
        expected:
          state: locked
        got:
          state: unlocked
  conversation_trace:
    id: 01HZ43P31MZ0Q9W1BA4PFH1523
    events:
    - event_type: !!python/object/apply:homeassistant.components.conversation.trace.ConversationTraceEventType
      - async_process
      data:
        text: Lock all the locks
        context: !!python/object:homeassistant.core.Context
          id: 01HZ43P31MK9B7YPZA8NHSH92Q
          user_id: null
          parent_id: null
          origin_event: null
        conversation_id: null
        device_id: null
        language: en
        agent_id: conversation.home_assistant
      timestamp: '2024-05-30T06:41:04.052522+00:00'
    result:
      response:
        speech:
          plain:
            speech: Sorry, I am not aware of any area called locks
            extra_data: null
        card: {}
        language: en
        response_type: error
        data:
          code: no_valid_targets
      conversation_id: null
---
uuid: 6cd893b4-7929-4e09-a87c-5a2973e50045
task_id: home1-us-['smart-lock-entry-locked']-Unlock smart lock
task:
  home_id: home1-us
  input_text: Unlock smart lock
  device_states:
  - name: Smart Lock
    state: locked
    area: Entry
  expected_entity_changes:
    lock.smart_lock:
      state: unlocked
response: Sorry, there are multiple devices called Smart Lock
context:
  device_context:
    unexpected_states:
      lock.smart_lock:
        expected:
          state: unlocked
        got:
          state: locked
  conversation_trace:
    id: 01HZ43P347VBEYAP74MNWR27F9
    events:
    - event_type: !!python/object/apply:homeassistant.components.conversation.trace.ConversationTraceEventType
      - async_process
      data:
        text: Unlock smart lock
        context: !!python/object:homeassistant.core.Context
          id: 01HZ43P347KC678Y93N5KBHJ26
          user_id: null
          parent_id: null
          origin_event: null
        conversation_id: null
        device_id: null
        language: en
        agent_id: conversation.home_assistant
      timestamp: '2024-05-30T06:41:04.135112+00:00'
    result:
      response:
        speech:
          plain:
            speech: Sorry, there are multiple devices called Smart Lock
            extra_data: null
        card: {}
        language: en
        response_type: error
        data:
          code: no_valid_targets
      conversation_id: null
---
uuid: 7cf5a591-1e3c-43b7-bdf7-fdc816eb4f4d
task_id: home1-us-['smart-lock-entry-locked']-Unlock the entry lock
task:
  home_id: home1-us
  input_text: Unlock the entry lock
  device_states:
  - name: Smart Lock
    state: locked
    area: Entry
  expected_entity_changes:
    lock.smart_lock:
      state: unlocked
response: Unlocked
context:
  device_context:
    unexpected_states: {}
  conversation_trace:
    id: 01HZ43P368184RNHCEZV64GBVE
    events:
    - event_type: !!python/object/apply:homeassistant.components.conversation.trace.ConversationTraceEventType
      - async_process
      data:
        text: Unlock the entry lock
        context: !!python/object:homeassistant.core.Context
          id: 01HZ43P368FSXP70WPTC065TSX
          user_id: null
          parent_id: null
          origin_event: null
        conversation_id: null
        device_id: null
        language: en
        agent_id: conversation.home_assistant
      timestamp: '2024-05-30T06:41:04.200176+00:00'
    result:
      response:
        speech:
          plain:
            speech: Unlocked
            extra_data: null
        card: {}
        language: en
        response_type: action_done
        data:
          targets: []
          success:
          - name: Entry
            type: !!python/object/apply:homeassistant.helpers.intent.IntentResponseTargetType
            - area
            id: entry
          - name: Smart Lock
            type: !!python/object/apply:homeassistant.helpers.intent.IntentResponseTargetType
            - entity
            id: lock.smart_lock
          failed: []
      conversation_id: null
---
uuid: 334fda24-0d44-458e-a8b0-4933d8951816
task_id: home1-us-['smart-lock-entry-locked']-Unlock the smart lock
task:
  home_id: home1-us
  input_text: Unlock the smart lock
  device_states:
  - name: Smart Lock
    state: locked
    area: Entry
  expected_entity_changes:
    lock.smart_lock:
      state: unlocked
response: Sorry, there are multiple devices called Smart Lock
context:
  device_context:
    unexpected_states:
      lock.smart_lock:
        expected:
          state: unlocked
        got:
          state: locked
  conversation_trace:
    id: 01HZ43P388FM9QK3EECFEJJBN5
    events:
    - event_type: !!python/object/apply:homeassistant.components.conversation.trace.ConversationTraceEventType
      - async_process
      data:
        text: Unlock the smart lock
        context: !!python/object:homeassistant.core.Context
          id: 01HZ43P388SNY3VMA55T1MW686
          user_id: null
          parent_id: null
          origin_event: null
        conversation_id: null
        device_id: null
        language: en
        agent_id: conversation.home_assistant
      timestamp: '2024-05-30T06:41:04.264594+00:00'
    result:
      response:
        speech:
          plain:
            speech: Sorry, there are multiple devices called Smart Lock
            extra_data: null
        card: {}
        language: en
        response_type: error
        data:
          code: no_valid_targets
      conversation_id: null
---
uuid: b0cf872e-234e-4e50-a1e4-f4a000a6b5b3
task_id: home1-us-['smart-lock-entry-locked']-Unlock all the doors
task:
  home_id: home1-us
  input_text: Unlock all the doors
  device_states:
  - name: Smart Lock
    state: locked
    area: Entry
  expected_entity_changes:
    lock.smart_lock:
      state: unlocked
response: Sorry, I am not aware of any area called doors
context:
  device_context:
    unexpected_states:
      lock.smart_lock:
        expected:
          state: unlocked
        got:
          state: locked
  conversation_trace:
    id: 01HZ43P3A8Z0M8DW3VD3GAEP4F
    events:
    - event_type: !!python/object/apply:homeassistant.components.conversation.trace.ConversationTraceEventType
      - async_process
      data:
        text: Unlock all the doors
        context: !!python/object:homeassistant.core.Context
          id: 01HZ43P3A81KG3NJ9SDHNGPF0C
          user_id: null
          parent_id: null
          origin_event: null
        conversation_id: null
        device_id: null
        language: en
        agent_id: conversation.home_assistant
      timestamp: '2024-05-30T06:41:04.328647+00:00'
    result:
      response:
        speech:
          plain:
            speech: Sorry, I am not aware of any area called doors
            extra_data: null
        card: {}
        language: en
        response_type: error
        data:
          code: no_valid_targets
      conversation_id: null
