---
uuid: 9f3d17fb-7aeb-4e46-a3ca-5eda681240b8
task_id: home1_us_smart_lock-lock_the_front_door_lock
category: lock
task:
  input_text: Lock the front door lock
  expect_changes:
    lock.smart_lock:
      state: locked
      attributes: null
response: Sorry, I am not aware of any device called front door lock
context:
  unexpected_states:
    lock.smart_lock:
      expected:
        state: locked
      got:
        state: unlocked
  conversation_trace:
  - event_type: async_process
    data:
      text: Lock the front door lock
      context:
        id: 01J0YXM8BAAA32WYRRETABAQVX
        parent_id: null
        user_id: null
      conversation_id: null
      device_id: null
      language: en
      agent_id: conversation.home_assistant
