---
uuid: fa451ba9-b453-4148-a279-fdd1f625941b
task_id: home1_us_smart_lock-lock_the_smart_lock
category: lock
task:
  input_text: Lock the smart lock
  expect_changes:
    lock.smart_lock:
      state: locked
      attributes: null
response: Sorry, there are multiple devices called Smart Lock
context:
  unexpected_states:
    lock.smart_lock:
      expected:
        state: locked
      got:
        state: unlocked
  conversation_trace:
  - event_type: async_process
    data:
      text: Lock the smart lock
      context:
        id: 01J0YXM8SN65K6VQ62RQHYRSP1
        parent_id: null
        user_id: null
      conversation_id: null
      device_id: null
      language: en
      agent_id: conversation.home_assistant
