---
uuid: deb47176-af42-441a-926e-c0ed22649da7
task_id: home1_us_smart_lock-unlock_the_smart_lock
category: lock
task:
  input_text: Unlock the smart lock
  expect_changes:
    lock.smart_lock:
      state: unlocked
      attributes: null
response: Sorry, there are multiple devices called Smart Lock
context:
  unexpected_states:
    lock.smart_lock:
      expected:
        state: unlocked
      got:
        state: locked
  conversation_trace:
  - event_type: async_process
    data:
      text: Unlock the smart lock
      context:
        id: 01J0YXM9JGMYVT46YBDWTG6ARP
        parent_id: null
        user_id: null
      conversation_id: null
      device_id: null
      language: en
      agent_id: conversation.home_assistant
