---
uuid: a183c83d-c970-4407-a2af-2b26fd671ff7
task_id: home1_us_smart_lock-lock_the_entry_lock
category: lock
task:
  input_text: Lock the entry lock
  expect_changes:
    lock.smart_lock:
      state: locked
      attributes: null
response: Locked
context:
  unexpected_states: {}
  conversation_trace:
  - event_type: async_process
    data:
      text: Lock the entry lock
      context:
        id: 01J0YXM8MNZ4VKWT0TGC6MBRQT
        parent_id: null
        user_id: null
      conversation_id: null
      device_id: null
      language: en
      agent_id: conversation.home_assistant
