---
uuid: 49e43b53-1375-4bf2-85f8-8abe4b847f2c
task_id: home1_us_lock_smart_lock-lock_smart_lock
category: lock
task:
  input_text: Lock smart lock
  expect_changes:
    lock.smart_lock:
      state: locked
      attributes: null
response: The smart lock is now locked.
context:
  unexpected_states: {}
  conversation_trace:
  - event_type: async_process
    data:
      text: Lock smart lock
      context:
        id: 01JK1A2FB036EARWTEQBPT6KB6
        parent_id: null
        user_id: null
      conversation_id: null
      device_id: null
      language: en
      agent_id: conversation.mock_title
      extra_system_prompt: null
  - event_type: agent_detail
    data:
      messages:
      - role: system
        agent_id: conversation.mock_title
        content: "Current time is 09:48:54. Today's date is 2025-02-01.\nYou are a\
          \ voice assistant for Home Assistant.\nAnswer questions about the world\
          \ truthfully.\nAnswer in plain text. Keep it simple and to the point.\n\
          When controlling Home Assistant always call the intent tools. Use HassTurnOn\
          \ to lock and HassTurnOff to unlock a lock. When controlling a device, prefer\
          \ passing just name and domain. When controlling an area, prefer passing\
          \ just area name and domain.\nWhen a user asks to turn on all devices of\
          \ a specific type, ask user to specify an area, unless there is only one\
          \ device of that type.\nThis device is not able to start timers.\nAn overview\
          \ of the areas and the devices in this smart home:\n- names: Smart Lock\n\
          \  domain: binary_sensor\n  state: 'off'\n  areas: Entry\n  attributes:\n\
          \    device_class: lock\n- names: Smart Lock Tamper\n  domain: binary_sensor\n\
          \  state: 'off'\n  areas: Entry\n  attributes:\n    device_class: tamper\n\
          - names: Smart Lock Battery\n  domain: binary_sensor\n  state: 'off'\n \
          \ areas: Entry\n  attributes:\n    device_class: battery\n- names: Smart\
          \ Lock Battery\n  domain: sensor\n  state: '90'\n  areas: Entry\n  attributes:\n\
          \    unit_of_measurement: '%'\n    device_class: battery\n- names: Smart\
          \ Lock\n  domain: lock\n  state: unlocked\n  areas: Entry\n"
      - role: user
        agent_id: conversation.mock_title
        content: Lock smart lock
      - role: assistant
        agent_id: conversation.mock_title
        content: ''
      - role: native
        agent_id: conversation.mock_title
        content:
          role: tool
          tool_call_id: call_XZwas0oi2JMULZIIZyXhBiMe
          content: '{"speech": {}, "response_type": "action_done", "data": {"targets":
            [], "success": [{"name": "Smart Lock", "type": "entity", "id": "lock.smart_lock"}],
            "failed": []}}'
      - role: assistant
        agent_id: conversation.mock_title
        content: The smart lock is now locked.
      tools:
      - name: HassTurnOn
        description: Turns on/opens a device or entity
        parameters: '{Any(''name'', ''area'', ''floor'', msg=None): <function non_empty_string
          at 0x7fdbb617f560>, ''domain'': All(<function ensure_list at 0x7fdbb7e058a0>,
          [<function string at 0x7fdbb7e06f20>], msg=None), ''device_class'': All(<function
          ensure_list at 0x7fdbb7e058a0>, [In([''outlet'', ''switch'', ''water'',
          ''gas'', ''awning'', ''blind'', ''curtain'', ''damper'', ''door'', ''garage'',
          ''gate'', ''shade'', ''shutter'', ''window'', ''tv'', ''speaker'', ''receiver''])],
          msg=None)}'
      - name: HassTurnOff
        description: Turns off/closes a device or entity
        parameters: '{Any(''name'', ''area'', ''floor'', msg=None): <function non_empty_string
          at 0x7fdbb617f560>, ''domain'': All(<function ensure_list at 0x7fdbb7e058a0>,
          [<function string at 0x7fdbb7e06f20>], msg=None), ''device_class'': All(<function
          ensure_list at 0x7fdbb7e058a0>, [In([''outlet'', ''switch'', ''water'',
          ''gas'', ''awning'', ''blind'', ''curtain'', ''damper'', ''door'', ''garage'',
          ''gate'', ''shade'', ''shutter'', ''window'', ''tv'', ''speaker'', ''receiver''])],
          msg=None)}'
      - name: HassCancelAllTimers
        description: Cancels all timers
        parameters: '{''area'': <function string at 0x7fdbb7e06f20>}'
  - event_type: tool_call
    data:
      tool_name: HassTurnOn
      tool_args:
        name: Smart Lock
        domain: lock
  tries: 0
