---
home: home1-us
location: Suburban neighborhood in Texas
type: Single-family house
device:
  name: Smart Lock
  device_type: smart-lock
  device_info:
    model: Encode Smart WiFi Deadbolt
    manufacturer: Schlage
    sw_version: 2.7.1
  area: Bedroom 1
capabilities:
- Lock
- Unlock
actions:
  actions:
  - action: Lock
    sentences:
    - Please lock the bedroom door
    - Lock the bedroom door
    - Can you lock the bedroom door?
    - Lock the bedroom smart lock
  - action: Unlock
    sentences:
    - Please unlock the bedroom door
    - Unlock the bedroom door
    - Can you unlock the bedroom door?
    - Unlock the bedroom smart lock
