---
uuid: 315586cc-1815-4040-a467-db314ff2c4ca
task_id: home1_us_smart_lock-unlock_the_entry_lock
category: lock
task:
  input_text: Unlock the entry lock
  expect_changes:
    lock.smart_lock:
      state: unlocked
      attributes: null
response: unlocking the door as you requested.
context:
  unexpected_states: {}
  conversation_trace:
  - event_type: async_process
    data:
      text: Unlock the entry lock
      context:
        id: 01J1NTR4WV3GCA56TEDCANZ4R1
        parent_id: null
        user_id: null
      conversation_id: null
      device_id: null
      language: en
      agent_id: 321495acd7ebd7bc118c4d4cd86a84eb
  - event_type: llm_tool_call
    data:
      tool_name: HassCallService
      tool_args:
        service: lock.unlock
        target_device: lock.smart_lock
