---
uuid: 15b5f529-6a38-4d73-a7ab-57a172af0cfa
task_id: home1_us_smart_lock-lock_smart_lock
category: lock
task:
  input_text: Lock smart lock
  expect_changes:
    lock.smart_lock:
      state: locked
      attributes: null
response: locking smart lock for you
context:
  unexpected_states: {}
  conversation_trace:
  - event_type: async_process
    data:
      text: Lock smart lock
      context:
        id: 01J1NTQV8549TWS7ECTWSK3ZCD
        parent_id: null
        user_id: null
      conversation_id: null
      device_id: null
      language: en
      agent_id: d7c6aa9c349703ae1d2f2916b2e62d65
  - event_type: llm_tool_call
    data:
      tool_name: HassCallService
      tool_args:
        service: lock.lock
        target_device: lock.smart_lock
