---
category: smart-lock
tests:
- device: Front Door
  area: Entryway
  device_id: front_door
  entity_id: lock.front_door
  sentences:
  - Lock the front door please
  - Lock the door
  - Please lock the entryway door
- device: Front Door
  area: Entryway
  device_id: front_door
  entity_id: lock.front_door
  sentences:
  - Unlock the front door please
  - Unlock the door
  - Please unlock the entryway door
