---
category: lock
tests:
  - sentences:
      - "Verrouille la serrure connect\xE9e"
      - "Verrouille la serrure de l'entr\xE9e"
    setup:
      lock.smart_lock:
        state: unlocked
    expect_changes:
      lock.smart_lock:
        state: locked
  - sentences:
      - "D\xE9verrouille la serrure connect\xE9e"
      - "D\xE9verrouille la serrure de l'entr\xE9e"
    setup:
      lock.smart_lock:
        state: locked
    expect_changes:
      lock.smart_lock:
        state: unlocked
