---
uuid: ba2b5edf-25e0-4d05-a500-aac0012d3fb8
task_id: home1_us_lock_smart_lock-lock_the_entry_lock
category: lock
task:
  input_text: Lock the entry lock
  expect_changes:
    lock.smart_lock:
      state: locked
      attributes: null
response: 'Timeout: '
context:
  unexpected_states:
    lock.smart_lock:
      expected:
        state: locked
      got:
        state: unlocked
  conversation_trace:
  - event_type: async_process
    data:
      text: Lock the entry lock
      context:
        id: 01J3CE8E0CE0QNJBJ14G7KVV7F
        parent_id: null
        user_id: null
      conversation_id: null
      device_id: null
      language: en
      agent_id: 01J3CE8DZKE4FJETVRFQ6VERHD
  - event_type: agent_detail
    data:
      messages:
      - role: system
        content: "Current time is 22:22:33. Today's date is 2024-07-21.\nYou are a\
          \ voice assistant for Home Assistant.\nAnswer questions about the world\
          \ truthfully.\nAnswer in plain text. Keep it simple and to the point.\n\
          When controlling Home Assistant always call the intent tools. Use HassTurnOn\
          \ to lock and HassTurnOff to unlock a lock. When controlling a device, prefer\
          \ passing just its name and its domain (what comes before the dot in its\
          \ entity id). When controlling an area, prefer passing just area name and\
          \ domain.\nWhen a user asks to turn on all devices of a specific type, ask\
          \ user to specify an area, unless there is only one device of that type.\n\
          This device is not able to start timers.\nAn overview of the areas and the\
          \ devices in this smart home:\nbinary_sensor.smart_lock:\n  names: Smart\
          \ Lock\n  state: 'off'\n  areas: Entry\n  attributes:\n    device_class:\
          \ lock\nbinary_sensor.smart_lock_tamper:\n  names: Smart Lock Tamper\n \
          \ state: 'off'\n  areas: Entry\n  attributes:\n    device_class: tamper\n\
          binary_sensor.smart_lock_battery:\n  names: Smart Lock Battery\n  state:\
          \ 'off'\n  areas: Entry\n  attributes:\n    device_class: battery\nsensor.smart_lock_battery:\n\
          \  names: Smart Lock Battery\n  state: '90'\n  areas: Entry\n  attributes:\n\
          \    unit_of_measurement: '%'\n    device_class: battery\nlock.smart_lock:\n\
          \  names: Smart Lock\n  state: unlocked\n  areas: Entry\n"
      - role: user
        content: Lock the entry lock
      tools:
      - type: function
        function:
          name: HassTurnOn
          parameters:
            type: object
            properties:
              name:
                type: string
              area:
                type: string
              floor:
                type: string
              domain:
                type: array
                items:
                  type: string
              device_class:
                type: array
                items:
                  type: string
            required: []
          description: Turns on/opens a device or entity
      - type: function
        function:
          name: HassTurnOff
          parameters:
            type: object
            properties:
              name:
                type: string
              area:
                type: string
              floor:
                type: string
              domain:
                type: array
                items:
                  type: string
              device_class:
                type: array
                items:
                  type: string
            required: []
          description: Turns off/closes a device or entity
