---
category: smart-lock
tests:
- sentences:
  - Please lock the main house smart lock
  - Lock the front door
  - Lock the main house door
- sentences:
  - Please unlock the main house smart lock
  - Unlock the front door
  - Unlock the main house door
- sentences:
  - Lock the guest house door
  - Please lock the guest house door
  - Lock the door to the guest house
- sentences:
  - Unlock the guest house door
  - Please unlock the guest house door
  - Unlock the door to the guest house
