---
category: smart-lock
tests:
- device: Smart Lock
  area: Main House
  device_id: smart_lock
  entity_id: lock.smart_lock
  sentences:
  - Please lock the main house smart lock
  - Lock the front door
  - Lock the main house door
- device: Smart Lock
  area: Main House
  device_id: smart_lock
  entity_id: lock.smart_lock
  sentences:
  - Please unlock the main house smart lock
  - Unlock the front door
  - Unlock the main house door
- device: Smart Lock
  area: Guest House
  device_id: smart_lock
  entity_id: lock.smart_lock
  sentences:
  - Lock the guest house door
  - Please lock the guest house door
  - Lock the door to the guest house
- device: Smart Lock
  area: Guest House
  device_id: smart_lock
  entity_id: lock.smart_lock
  sentences:
  - Unlock the guest house door
  - Please unlock the guest house door
  - Unlock the door to the guest house
