---
uuid: a8b20572-1477-4e40-a75b-25d14943aa2d
task_id: home1-us-['smart-lock-entry-unlocked']-Lock smart lock
task:
  home_id: home1-us
  input_text: Lock smart lock
  device_states:
    - name: Smart Lock
      area: Entry
      state: unlocked
response:
  It seems there is an issue with multiple devices having the name "smart
  lock." Could you please provide the specific area or room where the smart lock is
  located?
context:
  device_context: {}
  conversation_trace:
    id: 01HYY7MC1HQ4RNJJC3WB6SJ7NS
    events:
      - event_type:
          !!python/object/apply:homeassistant.components.conversation.trace.ConversationTraceEventType
          - async_process
        data:
          text: Lock smart lock
          context: !!python/object:homeassistant.core.Context
            id: 01HYY7MC1HQQSY3V7PWS73DYYW
            user_id: null
            parent_id: null
            origin_event: null
          conversation_id: null
          device_id: null
          language: en
        timestamp: "2024-05-27T23:54:35.441748+00:00"
      - event_type:
          !!python/object/apply:homeassistant.components.conversation.trace.ConversationTraceEventType
          - agent_detail
        data:
          messages:
            - role: system
              content: "Answer in plain text. Keep it simple and to the point.

                Call the intent tools to control Home Assistant. Just pass the name to
                the intent."
            - role: user
              content: Lock smart lock
            - !!python/object:openai.types.chat.chat_completion_message.ChatCompletionMessage
              __dict__:
                content: null
                role: assistant
                function_call: null
                tool_calls:
                  - !!python/object:openai.types.chat.chat_completion_message_tool_call.ChatCompletionMessageToolCall
                    __dict__:
                      id: call_uhLetIZDHWRyBvljIa5TuJNj
                      function:
                        !!python/object:openai.types.chat.chat_completion_message_tool_call.Function
                        __dict__:
                          arguments: '{"name":"smart lock"}'
                          name: HassTurnOff
                        __fields_set__: !!set
                          arguments: null
                          name: null
                        __private_attribute_values__: {}
                      type: function
                    __fields_set__: !!set
                      function: null
                      type: null
                      id: null
                    __private_attribute_values__: {}
              __fields_set__: !!set
                role: null
                content: null
                tool_calls: null
              __private_attribute_values__: {}
            - role: tool
              tool_call_id: call_uhLetIZDHWRyBvljIa5TuJNj
              name: HassTurnOff
              content:
                '{"error": "MatchFailedError", "error_text": "<MatchFailedError
                result=MatchTargetsResult(is_match=False, no_match_reason=<MatchFailedReason.DUPLICATE_NAME:
                11>, states=[], no_match_name=''smart lock'', areas=[], floors=[]), constraints=MatchTargetsConstraints(name=''smart
                lock'', area_name=None, floor_name=None, domains=None, device_classes=None,
                features=None, states=None, assistant=''conversation'', allow_duplicate_names=False),
                preferences=MatchTargetsPreferences(area_id=None, floor_id=None)>"}'
            - !!python/object:openai.types.chat.chat_completion_message.ChatCompletionMessage
              __dict__:
                content:
                  It seems there is an issue with multiple devices having the name
                  "smart lock." Could you please provide the specific area or room where
                  the smart lock is located?
                role: assistant
                function_call: null
                tool_calls: null
              __fields_set__: !!set
                role: null
                content: null
              __private_attribute_values__: {}
        timestamp: "2024-05-27T23:54:35.447688+00:00"
      - event_type:
          !!python/object/apply:homeassistant.components.conversation.trace.ConversationTraceEventType
          - llm_tool_call
        data:
          tool_name: HassTurnOff
          tool_args:
            name: smart lock
          platform: openai_conversation
          context: !!python/object:homeassistant.core.Context
            id: 01HYY7MC1HQQSY3V7PWS73DYYW
            user_id: null
            parent_id: null
            origin_event: null
          user_prompt: Lock smart lock
          language: en
          assistant: conversation
          device_id: null
        timestamp: "2024-05-27T23:54:36.316215+00:00"
    result:
      response:
        speech:
          plain:
            speech:
              It seems there is an issue with multiple devices having the name
              "smart lock." Could you please provide the specific area or room where
              the smart lock is located?
            extra_data: null
        card: {}
        language: en
        response_type: action_done
        data:
          targets: []
          success: []
          failed: []
      conversation_id: 01HYY7MC1Q7X15RHQ7GEPQ73PV
