---
uuid: 1d618e9c-7d58-402f-b48b-c9c4e595a1d8
task_id: home1_us_lock_smart_lock-lock_smart_lock
category: lock
task:
  input_text: Lock smart lock
  expect_changes:
    lock.smart_lock:
      state: locked
      attributes: null
response: Sorry, there are multiple devices called Smart Lock
context:
  unexpected_states:
    lock.smart_lock:
      expected:
        state: locked
      got:
        state: unlocked
  conversation_trace:
  - event_type: async_process
    data:
      text: Lock smart lock
      context:
        id: 01J3EY1WVPVDE6K5AH3SNHP75D
        parent_id: null
        user_id: null
      conversation_id: null
      device_id: null
      language: en
      agent_id: conversation.home_assistant
