---
uuid: de263909-9604-4c30-a294-8aaddca39e03
task_id: finca_ecologica_es_smart_lock-please_lock_the_main_house_smart_lock
category: smart-lock
task:
  input_text: Please lock the main house smart lock
  expect_changes: {}
response: Sorry, I am not aware of any device called main house smart lock
context:
  unexpected_states: {}
  conversation_trace:
  - event_type: async_process
    data:
      text: Please lock the main house smart lock
      context:
        id: 01J4ZMJ9YWJAMXT2ASXB3ZJ0CW
        parent_id: null
        user_id: null
      conversation_id: null
      device_id: null
      language: en
      agent_id: conversation.home_assistant
