---
uuid: fb246a82-65ba-48c1-b2ab-9af8c0ce4210
task_id: finca_ecologica_es_smart_lock-please_unlock_the_main_house_smart_lock
category: smart-lock
task:
  input_text: Please unlock the main house smart lock
  expect_changes: {}
response: Sorry, I am not aware of any device called main house smart lock
context:
  unexpected_states: {}
  conversation_trace:
  - event_type: async_process
    data:
      text: Please unlock the main house smart lock
      context:
        id: 01J4ZMJB7X76GJ3Q5QV31RMAY2
        parent_id: null
        user_id: null
      conversation_id: null
      device_id: null
      language: en
      agent_id: conversation.home_assistant
