---
uuid: 7355ab54-cbaa-470b-8671-ba66f60f6256
task_id: villa_bella_it_smart_lock-please_lock_the_smart_lock
category: smart-lock
task:
  input_text: Please lock the smart lock
  expect_changes: {}
response: Sorry, there are multiple devices called Smart Lock
context:
  unexpected_states: {}
  conversation_trace:
  - event_type: async_process
    data:
      text: Please lock the smart lock
      context:
        id: 01J4ZM3202PTMXDZCZC4G5KF5G
        parent_id: null
        user_id: null
      conversation_id: null
      device_id: null
      language: en
      agent_id: conversation.home_assistant
  - event_type: tool_call
    data:
      intent_name: HassTurnOn
      slots:
        name: Smart Lock
