---
uuid: 69cfe841-6733-44f2-a6f9-6e705922256e
task_id: home1_us_lock_smart_lock-lock_the_entry_lock
model_id: null
category: lock
task:
  input_text: Lock the entry lock
  expect_changes:
    lock.smart_lock:
      state: locked
      attributes: null
response: It seems there was an error in locking the entry lock. Please try again
  or let me know if you need assistance with another request.
context:
  unexpected_states:
    lock.smart_lock:
      expected:
        state: locked
      got:
        state: unlocked
  conversation_trace:
  - event_type: async_process
    data:
      text: Lock the entry lock
      context:
        id: 01JPD9GFXHQD8HC0D29KBPXK44
        parent_id: null
        user_id: null
      conversation_id: null
      device_id: null
      language: en
      agent_id: conversation.mock_title
      extra_system_prompt: null
  - event_type: agent_detail
    data:
      messages:
      - role: system
        content: |
          Current time is 09:17:03. Today's date is 2025-03-15.
          You are a voice assistant for Home Assistant.
          Answer questions about the world truthfully.
          Answer in plain text. Keep it simple and to the point.
          When controlling Home Assistant always call the intent tools. Use HassTurnOn to lock and HassTurnOff to unlock a lock. When controlling a device, prefer passing just name and domain. When controlling an area, prefer passing just area name and domain.
          When a user asks to turn on all devices of a specific type, ask user to specify an area, unless there is only one device of that type.
          This device is not able to start timers.
          An overview of the areas and the devices in this smart home:
          - names: Smart Lock
            domain: binary_sensor
            state: 'off'
            areas: Entry
            attributes:
              device_class: lock
          - names: Smart Lock Tamper
            domain: binary_sensor
            state: 'off'
            areas: Entry
            attributes:
              device_class: tamper
          - names: Smart Lock Battery
            domain: binary_sensor
            state: 'off'
            areas: Entry
            attributes:
              device_class: battery
          - names: Smart Lock
            domain: lock
            state: unlocked
            areas: Entry
          - names: Smart Lock Battery
            domain: sensor
            state: '90'
            areas: Entry
            attributes:
              unit_of_measurement: '%'
              device_class: battery
      - role: user
        content: Lock the entry lock
      - role: assistant
        agent_id: conversation.mock_title
        content: null
        tool_calls:
        - tool_name: HassTurnOff
          tool_args:
            area: Entry
            device_class:
            - lock
            domain:
            - lock
          id: 01JPD9GH29PKCFXJPTM4CB4474
      - role: tool_result
        agent_id: conversation.mock_title
        tool_call_id: 01JPD9GH29PKCFXJPTM4CB4474
        tool_name: HassTurnOff
        tool_result:
          error: InvalidSlotInfo
          error_text: Received invalid slot info for HassTurnOff
      - role: assistant
        agent_id: conversation.mock_title
        content: null
        tool_calls:
        - tool_name: HassTurnOff
          tool_args:
            area: Entry
            device_class:
            - lock
            domain:
            - lock
          id: 01JPD9GJ6J73AFRQKHN05GSG1C
      - role: tool_result
        agent_id: conversation.mock_title
        tool_call_id: 01JPD9GJ6J73AFRQKHN05GSG1C
        tool_name: HassTurnOff
        tool_result:
          error: InvalidSlotInfo
          error_text: Received invalid slot info for HassTurnOff
      - role: assistant
        agent_id: conversation.mock_title
        content: It seems there was an error in locking the entry lock. Please try
          again or let me know if you need assistance with another request.
        tool_calls: null
      tools:
      - name: HassTurnOn
        description: Turns on/opens a device or entity
        parameters: '{Any(''name'', ''area'', ''floor'', msg=None): <function non_empty_string
          at 0x7a073ede16c0>, ''domain'': All(<function ensure_list at 0x7a074142d760>,
          [<function string at 0x7a074142ede0>], msg=None), ''device_class'': All(<function
          ensure_list at 0x7a074142d760>, [In([''tv'', ''speaker'', ''receiver'',
          ''outlet'', ''switch'', ''water'', ''gas'', ''awning'', ''blind'', ''curtain'',
          ''damper'', ''door'', ''garage'', ''gate'', ''shade'', ''shutter'', ''window''])],
          msg=None)}'
      - name: HassTurnOff
        description: Turns off/closes a device or entity
        parameters: '{Any(''name'', ''area'', ''floor'', msg=None): <function non_empty_string
          at 0x7a073ede16c0>, ''domain'': All(<function ensure_list at 0x7a074142d760>,
          [<function string at 0x7a074142ede0>], msg=None), ''device_class'': All(<function
          ensure_list at 0x7a074142d760>, [In([''tv'', ''speaker'', ''receiver'',
          ''outlet'', ''switch'', ''water'', ''gas'', ''awning'', ''blind'', ''curtain'',
          ''damper'', ''door'', ''garage'', ''gate'', ''shade'', ''shutter'', ''window''])],
          msg=None)}'
      - name: HassCancelAllTimers
        description: Cancels all timers
        parameters: '{''area'': <function string at 0x7a074142ede0>}'
  - event_type: tool_call
    data:
      tool_name: HassTurnOff
      tool_args:
        area: Entry
        device_class:
        - lock
        domain:
        - lock
  - event_type: tool_call
    data:
      tool_name: HassTurnOff
      tool_args:
        area: Entry
        device_class:
        - lock
        domain:
        - lock
  tries: 0
