---
uuid: 5b3a7aa8-03df-410d-9d75-fb4a593bf8ba
task_id: home1_us_lock_smart_lock-unlock_smart_lock
category: lock
task:
  input_text: Unlock smart lock
  expect_changes:
    lock.smart_lock:
      state: unlocked
      attributes: null
response: unlocking Smart Lock now
context:
  unexpected_states: {}
  conversation_trace:
  - event_type: async_process
    data:
      text: Unlock smart lock
      context:
        id: 01J3CER1AKC13H3XMJ5NR7GP2E
        parent_id: null
        user_id: null
      conversation_id: null
      device_id: null
      language: en
      agent_id: 01J3CER1A5AZ8C43W5MMA5A5XS
  - event_type: llm_tool_call
    data:
      tool_name: HassCallService
      tool_args:
        service: lock.unlock
        target_device: lock.smart_lock
