---
uuid: 7af7546c-60c0-4e5d-8211-d0069b713782
task_id: home1_us_lock_smart_lock-lock_smart_lock
category: lock
task:
  input_text: Lock smart lock
  expect_changes:
    lock.smart_lock:
      state: locked
      attributes: null
response: locking smart lock for you
context:
  unexpected_states: {}
  conversation_trace:
  - event_type: async_process
    data:
      text: Lock smart lock
      context:
        id: 01J3CEQZMN26ERBGG769GKBQH2
        parent_id: null
        user_id: null
      conversation_id: null
      device_id: null
      language: en
      agent_id: 01J3CEQZM4ZEHQ7X6YCXJM000H
  - event_type: llm_tool_call
    data:
      tool_name: HassCallService
      tool_args:
        service: lock.lock
        target_device: lock.smart_lock
