---
home: home1-us
actions:
  - sentences:
      - Lock smart lock
      # - Lock the front door lock
      # - Lock the entry lock
      # - Lock the smart lock
      # - Lock all the locks
    device_states:
      - name: Smart Lock
        area: Entry
        state: unlocked
  # - sentences:
  #     - Unlock smart lock
  #     - Lock the entry lock
  #     - Unlock the smart lock
  #     - Lock all the doors
  #   device_states:
  #     - name: Smart Lock
  #       area: Entry
  #       state: locked
