---
uuid: 919d2e3f-5d79-4b50-99ab-9d108c423222
task_id: home1_us_lock_smart_lock-lock_the_entry_lock
category: lock
task:
  input_text: Lock the entry lock
  expect_changes:
    lock.smart_lock:
      state: locked
      attributes: null
response: The entry lock has been locked.
context:
  unexpected_states: {}
  conversation_trace:
  - event_type: async_process
    data:
      text: Lock the entry lock
      context:
        id: 01JM6EZXTFM079BGKHR7D1MTVT
        parent_id: null
        user_id: null
      conversation_id: null
      device_id: null
      language: en
      agent_id: conversation.mock_title
      extra_system_prompt: null
  - event_type: agent_detail
    data:
      system: |
        Current time is 20:06:47. Today's date is 2025-02-15.
        You are a voice assistant for Home Assistant.
        Answer questions about the world truthfully.
        Answer in plain text. Keep it simple and to the point.
        When controlling Home Assistant always call the intent tools. Use HassTurnOn to lock and HassTurnOff to unlock a lock. When controlling a device, prefer passing just name and domain. When controlling an area, prefer passing just area name and domain.
        When a user asks to turn on all devices of a specific type, ask user to specify an area, unless there is only one device of that type.
        This device is not able to start timers.
        An overview of the areas and the devices in this smart home:
        - names: Smart Lock
          domain: lock
          areas: Entry
        - names: Smart Lock Battery
          domain: sensor
          areas: Entry
        - names: Smart Lock
          domain: binary_sensor
          areas: Entry
        - names: Smart Lock Tamper
          domain: binary_sensor
          areas: Entry
        - names: Smart Lock Battery
          domain: binary_sensor
          areas: Entry
      messages:
      - role: user
        content: Lock the entry lock
      - role: assistant
        content:
        - type: tool_use
          id: toolu_01MSP7xRxucAz92ywcxi5nPY
          name: HassTurnOn
          input:
            name: Smart Lock
            domain: lock
            area: Entry
      - role: user
        content:
        - type: tool_result
          tool_use_id: toolu_01MSP7xRxucAz92ywcxi5nPY
          content: '{"speech": {}, "response_type": "action_done", "data": {"targets":
            [], "success": [{"name": "Entry", "type": "area", "id": "entry"}, {"name":
            "Smart Lock", "type": "entity", "id": "lock.smart_lock"}], "failed": []}}'
      - role: assistant
        content:
        - type: text
          text: The entry lock has been locked.
  - event_type: tool_call
    data:
      tool_name: HassTurnOn
      tool_args:
        name: Smart Lock
        domain: lock
        area: Entry
  tries: 0
