---
home: mountain-cabin-us
location: Rural area in Colorado
type: Log cabin
device:
  name: Guest Cabin Door Lock
  device_type: smart-lock
  device_info:
    model: Smart Door Lock
    manufacturer: August
    sw_version: 2.4.9
  area: Guest Bedroom
capabilities:
- Lock
- Unlock
actions:
  actions:
  - action: Lock
    sentences:
    - Please lock the door to the guest cabin.
    - Lock the guest cabin door.
    - Lock the door in the guest bedroom.
  - action: Unlock
    sentences:
    - Please unlock the door to the guest cabin.
    - Unlock the guest cabin door.
    - Unlock the door in the guest bedroom.
