---
category: smart-lock
tests:
- device: Smart Lock
  area: Garage
  device_id: smart_lock
  entity_id: lock.smart_lock
  sentences:
  - Unlock the garage door
  function:
    name: HassTurnOff
    arguments:
      area: Garage
      domain: lock
      name: all
- device: Smart Lock
  area: Garage
  device_id: smart_lock
  entity_id: lock.smart_lock
  sentences:
  - Unlock the garage
  function:
    name: HassTurnOff
    arguments:
      area: Garage
      domain: lock
      name: all
- device: Smart Lock
  area: Garage
  device_id: smart_lock
  entity_id: lock.smart_lock
  sentences:
  - Lock the garage door
  function:
    name: HassTurnOn
    arguments:
      area: Garage
      domain: lock
      name: all
- device: Smart Lock
  area: Garage
  device_id: smart_lock
  entity_id: lock.smart_lock
  sentences:
  - Lock the garage
  function:
    name: HassTurnOn
    arguments:
      area: Garage
      domain: lock
      name: all
