---
uuid: 1dc1f3d0-7e08-4060-a400-e1195350edcd
task_id: home1-us-['smart-lock-entry-unlocked']-Lock smart lock
task:
  home_id: home1-us
  input_text: Lock smart lock
  device_states:
  - name: Smart Lock
    area: Entry
    state: unlocked
response: Sorry, I cannot fulfill this request. The available tools lack the desired
  functionality.
context:
  device_context: {}
  conversation_trace:
    id: 01HYY4NQD23P2VSP45GQEHBMZF
    events:
    - event_type: !!python/object/apply:homeassistant.components.conversation.trace.ConversationTraceEventType
      - async_process
      data:
        text: Lock smart lock
        context: !!python/object:homeassistant.core.Context
          id: 01HYY4NQD2WTGCZM575B3P61M6
          user_id: null
          parent_id: null
          origin_event: null
        conversation_id: null
        device_id: null
        language: en
      timestamp: '2024-05-27T23:02:54.114590+00:00'
    - event_type: !!python/object/apply:homeassistant.components.conversation.trace.ConversationTraceEventType
      - agent_detail
      data:
        messages:
        - role: user
          parts: 'Answer in plain text. Keep it simple and to the point.

            Call the intent tools to control Home Assistant. Just pass the name to
            the intent.'
        - role: model
          parts: Ok
      timestamp: '2024-05-27T23:02:54.122633+00:00'
    - event_type: !!python/object/apply:homeassistant.components.conversation.trace.ConversationTraceEventType
      - llm_tool_call
      data:
        tool_name: HassTurnOn
        tool_args:
          name: smart lock
        platform: google_generative_ai_conversation
        context: !!python/object:homeassistant.core.Context
          id: 01HYY4NQD2WTGCZM575B3P61M6
          user_id: null
          parent_id: null
          origin_event: null
        user_prompt: Lock smart lock
        language: en
        assistant: conversation
        device_id: null
      timestamp: '2024-05-27T23:02:56.857263+00:00'
    result:
      response:
        speech:
          plain:
            speech: Sorry, I cannot fulfill this request. The available tools lack
              the desired functionality.
            extra_data: null
        card: {}
        language: en
        response_type: action_done
        data:
          targets: []
          success: []
          failed: []
      conversation_id: 01HYY4NQDADR15R3TAXXPQ3ZG3
