---
home: finca-ecologica-es
location: Ibiza, Spain
type: Ecological farm
device:
  name: Smart Lock
  device_type: smart-lock
  device_info:
    model: August Smart Lock Pro
    manufacturer: August
    sw_version: 3.0.1
  area: Guest House
capabilities:
- Lock
- Unlock
actions:
  actions:
  - action: Lock
    sentences:
    - Lock the guest house door
    - Please lock the guest house door
    - Lock the door to the guest house
  - action: Unlock
    sentences:
    - Unlock the guest house door
    - Please unlock the guest house door
    - Unlock the door to the guest house
