---
home: finca-ecologica-es
location: Ibiza, Spain
type: Ecological farm
device:
  name: Smart Lock
  device_type: smart-lock
  device_info:
    model: August Smart Lock Pro
    manufacturer: August
    sw_version: 3.0.1
  area: Main House
capabilities:
- Lock
- Unlock
actions:
  actions:
  - action: Lock
    sentences:
    - Please lock the main house smart lock
    - Lock the front door
    - Lock the main house door
  - action: Unlock
    sentences:
    - Please unlock the main house smart lock
    - Unlock the front door
    - Unlock the main house door
