---
category: lock
tests:
  - sentences:
      - Vergrendel het slimme slot
      - Vergrendel het slot van de hal
    setup:
      lock.smart_lock:
        state: unlocked
    expect_changes:
      lock.smart_lock:
        state: locked
  - sentences:
      - Ontgrendel het slimme slot
      - Ontgrendel het slot van de hal
    setup:
      lock.smart_lock:
        state: locked
    expect_changes:
      lock.smart_lock:
        state: unlocked
