---
uuid: f6db97d2-83f1-4b9a-8cfb-aec24408665a
task_id: home1-us-['smart-lock-entry-unlocked']-Lock smart lock
task:
  home_id: home1-us
  input_text: Lock smart lock
  device_states:
    - name: Smart Lock
      area: Entry
      state: unlocked
response: Sorry, there are multiple devices called Smart Lock
context:
  device_context: {}
  conversation_trace:
    id: 01HYY6PRJZN8GR5PFAXCGM6BCM
    events:
      - event_type:
          !!python/object/apply:homeassistant.components.conversation.trace.ConversationTraceEventType
          - async_process
        data:
          text: Lock smart lock
          context: !!python/object:homeassistant.core.Context
            id: 01HYY6PRJZ54PE52JP4RM00EXY
            user_id: null
            parent_id: null
            origin_event: null
          conversation_id: null
          device_id: null
          language: en
        timestamp: "2024-05-27T23:38:25.247846+00:00"
    result:
      response:
        speech:
          plain:
            speech: Sorry, there are multiple devices called Smart Lock
            extra_data: null
        card: {}
        language: en
        response_type: error
        data:
          code: no_valid_targets
      conversation_id: null
