---
uuid: bc3ee4b8-5e82-40ab-a224-0a7f42ecd80c
task_id: home1_us_lock_smart_lock-unlock_the_entry_lock
category: lock
task:
  input_text: Unlock the entry lock
  expect_changes:
    lock.smart_lock:
      state: unlocked
      attributes: null
response: Unlocked
context:
  unexpected_states: {}
  conversation_trace:
  - event_type: async_process
    data:
      text: Unlock the entry lock
      context:
        id: 01J3EY1XDCR172756SZJFV6SJW
        parent_id: null
        user_id: null
      conversation_id: null
      device_id: null
      language: en
      agent_id: conversation.home_assistant
