---
uuid: 51a8c028-09e3-497c-8461-4e9919bfc3f8
task_id: home1_us_smart_lock-lock_the_smart_lock
category: lock
task:
  input_text: Lock the smart lock
  expect_changes:
    lock.smart_lock:
      state: locked
      attributes: null
response: locking smart lock as requested.
context:
  unexpected_states: {}
  conversation_trace:
  - event_type: async_process
    data:
      text: Lock the smart lock
      context:
        id: 01J1NTR07X0VJR891HKT7S9ZE8
        parent_id: null
        user_id: null
      conversation_id: null
      device_id: null
      language: en
      agent_id: 21b7f2a4752223a06e28d88c199836c7
  - event_type: llm_tool_call
    data:
      tool_name: HassCallService
      tool_args:
        service: lock.lock
        target_device: lock.smart_lock
