---
uuid: a8bd0b8a-711b-47f3-8af1-833a65406cd0
task_id: home1-us-['smart-lock-entry-unlocked']-Lock smart lock
task:
  home_id: home1-us
  input_text: Lock smart lock
  device_states:
    - name: Smart Lock
      area: Entry
      state: unlocked
response:
  It looks like there is an issue due to a duplicate name. Can you provide
  more specific details such as the area or floor where the lock is located?
context:
  device_context: {}
  conversation_trace:
    id: 01HYYAJ2ZD0RBFM6RR1438P8G4
    events:
      - event_type:
          !!python/object/apply:homeassistant.components.conversation.trace.ConversationTraceEventType
          - async_process
        data:
          text: Lock smart lock
          context: !!python/object:homeassistant.core.Context
            id: 01HYYAJ2ZC6JVC10RM26EZ3D9P
            user_id: null
            parent_id: null
            origin_event: null
          conversation_id: null
          device_id: null
          language: en
        timestamp: "2024-05-28T00:45:46.349082+00:00"
      - event_type:
          !!python/object/apply:homeassistant.components.conversation.trace.ConversationTraceEventType
          - agent_detail
        data:
          messages:
            - role: system
              content: "Answer in plain text. Keep it simple and to the point.

                Call the intent tools to control Home Assistant. Just pass the name to
                the intent."
            - role: user
              content: Lock smart lock
            - !!python/object:openai.types.chat.chat_completion_message.ChatCompletionMessage
              __dict__:
                content: null
                role: assistant
                function_call: null
                tool_calls:
                  - !!python/object:openai.types.chat.chat_completion_message_tool_call.ChatCompletionMessageToolCall
                    __dict__:
                      id: call_IDJhWvVZ8vKpIpNb5IeSGs2g
                      function:
                        !!python/object:openai.types.chat.chat_completion_message_tool_call.Function
                        __dict__:
                          arguments: '{"name":"smart lock"}'
                          name: HassTurnOff
                        __fields_set__: !!set
                          arguments: null
                          name: null
                        __private_attribute_values__: {}
                      type: function
                    __fields_set__: !!set
                      type: null
                      id: null
                      function: null
                    __private_attribute_values__: {}
              __fields_set__: !!set
                content: null
                role: null
                tool_calls: null
              __private_attribute_values__: {}
            - role: tool
              tool_call_id: call_IDJhWvVZ8vKpIpNb5IeSGs2g
              name: HassTurnOff
              content:
                '{"error": "MatchFailedError", "error_text": "<MatchFailedError
                result=MatchTargetsResult(is_match=False, no_match_reason=<MatchFailedReason.DUPLICATE_NAME:
                11>, states=[], no_match_name=''smart lock'', areas=[], floors=[]), constraints=MatchTargetsConstraints(name=''smart
                lock'', area_name=None, floor_name=None, domains=None, device_classes=None,
                features=None, states=None, assistant=''conversation'', allow_duplicate_names=False),
                preferences=MatchTargetsPreferences(area_id=None, floor_id=None)>"}'
            - !!python/object:openai.types.chat.chat_completion_message.ChatCompletionMessage
              __dict__:
                content:
                  It looks like there is an issue due to a duplicate name. Can
                  you provide more specific details such as the area or floor where the
                  lock is located?
                role: assistant
                function_call: null
                tool_calls: null
              __fields_set__: !!set
                content: null
                role: null
              __private_attribute_values__: {}
        timestamp: "2024-05-28T00:45:46.356654+00:00"
      - event_type:
          !!python/object/apply:homeassistant.components.conversation.trace.ConversationTraceEventType
          - llm_tool_call
        data:
          tool_name: HassTurnOff
          tool_args:
            name: smart lock
          platform: openai_conversation
          context: !!python/object:homeassistant.core.Context
            id: 01HYYAJ2ZC6JVC10RM26EZ3D9P
            user_id: null
            parent_id: null
            origin_event: null
          user_prompt: Lock smart lock
          language: en
          assistant: conversation
          device_id: null
        timestamp: "2024-05-28T00:45:47.602027+00:00"
    result:
      response:
        speech:
          plain:
            speech:
              It looks like there is an issue due to a duplicate name. Can you
              provide more specific details such as the area or floor where the lock
              is located?
            extra_data: null
        card: {}
        language: en
        response_type: action_done
        data:
          targets: []
          success: []
          failed: []
      conversation_id: 01HYYAJ2ZMPP4XMV896JQXRRRJ
