---
uuid: 48f4b55e-1889-4372-b1b7-b8d79b6bbe49
task_id: home1_us_smart_lock-lock_the_front_door_lock
category: lock
task:
  input_text: Lock the front door lock
  expect_changes:
    lock.smart_lock:
      state: locked
      attributes: null
response: locking front door as requested
context:
  unexpected_states: {}
  conversation_trace:
  - event_type: async_process
    data:
      text: Lock the front door lock
      context:
        id: 01J1NTQX0MH4CDKABPBT40RFXV
        parent_id: null
        user_id: null
      conversation_id: null
      device_id: null
      language: en
      agent_id: bc1c85c9a03700e1832b76a84b5d3f3d
  - event_type: llm_tool_call
    data:
      tool_name: HassCallService
      tool_args:
        service: lock.lock
        target_device: lock.smart_lock
