---
uuid: e0fbd02f-ea06-4257-ad5d-20894c900b6d
task_id: home1_us_smart_lock-unlock_the_smart_lock
category: lock
task:
  input_text: Unlock the smart lock
  expect_changes:
    lock.smart_lock:
      state: unlocked
      attributes: null
response: unlocking smart lock now
context:
  unexpected_states: {}
  conversation_trace:
  - event_type: async_process
    data:
      text: Unlock the smart lock
      context:
        id: 01J1NTR6Q3RTB395VEKSDMA6D3
        parent_id: null
        user_id: null
      conversation_id: null
      device_id: null
      language: en
      agent_id: 5e2422e7fe728927c1a2de7b939fadd3
  - event_type: llm_tool_call
    data:
      tool_name: HassCallService
      tool_args:
        service: lock.unlock
        target_device: lock.smart_lock
