---
uuid: f96f749f-c49c-41ba-9593-188b3ee63fd7
task_id: home1_us_smart_lock-unlock_smart_lock
category: lock
task:
  input_text: Unlock smart lock
  expect_changes:
    lock.smart_lock:
      state: unlocked
      attributes: null
response: unlocking the door for you.
context:
  unexpected_states: {}
  conversation_trace:
  - event_type: async_process
    data:
      text: Unlock smart lock
      context:
        id: 01J1NTR32YR1MY16XZD88S6QAM
        parent_id: null
        user_id: null
      conversation_id: null
      device_id: null
      language: en
      agent_id: 2fecf8dbe2976131cb9f83e3d619ba24
  - event_type: llm_tool_call
    data:
      tool_name: HassCallService
      tool_args:
        service: lock.unlock
        target_device: lock.smart_lock
