---
category: smart-lock
tests:
- sentences:
  - Lock the guest house door
  tool_call:
    intent_name: HassTurnOn
    slots:
      area: Guest House
      domain: lock
      name: all
- sentences:
  - Please lock the guest house door
  tool_call:
    intent_name: HassTurnOn
    slots:
      area: Guest House
      domain: lock
      name: all
- sentences:
  - Unlock the guest house door
  tool_call:
    intent_name: HassTurnOff
    slots:
      area: Guest House
      domain: lock
      name: all
- sentences:
  - Please unlock the guest house door
  tool_call:
    intent_name: HassTurnOff
    slots:
      area: Guest House
      domain: lock
      name: all
