---
category: smart-lock
tests:
- device: Smart Lock
  area: Guest House
  device_id: smart_lock
  entity_id: lock.smart_lock
  sentences:
  - Please unlock the guest house door
  function:
    name: HassTurnOff
    arguments:
      area: Guest House
      domain: lock
      name: all
- device: Smart Lock
  area: Guest House
  device_id: smart_lock
  entity_id: lock.smart_lock
  sentences:
  - Unlock the guest house door
  function:
    name: HassTurnOff
    arguments:
      area: Guest House
      domain: lock
      name: all
- device: Smart Lock
  area: Guest House
  device_id: smart_lock
  entity_id: lock.smart_lock
  sentences:
  - Lock the guest house door
  function:
    name: HassTurnOn
    arguments:
      area: Guest House
      domain: lock
      name: all
- device: Smart Lock
  area: Guest House
  device_id: smart_lock
  entity_id: lock.smart_lock
  sentences:
  - Please lock the guest house door
  function:
    name: HassTurnOn
    arguments:
      area: Guest House
      domain: lock
      name: all
