---
uuid: 52ae46f3-0823-4c00-bd5e-cc309161d3f3
task_id: home1-us-['smart-lock-entry-unlocked']-Lock smart lock
task:
  home_id: home1-us
  input_text: Lock smart lock
  device_states:
  - name: Smart Lock
    area: Entry
    state: unlocked
response: Sorry, there are multiple devices called Smart Lock
context:
  device_context: {}
  conversation_trace:
    id: 01HYY3H65CS8XVV7Y4TAMNPA7Y
    events:
    - event_type: !!python/object/apply:homeassistant.components.conversation.trace.ConversationTraceEventType
      - async_process
      data:
        text: Lock smart lock
        context: !!python/object:homeassistant.core.Context
          id: 01HYY3H65CJD70DCTSW45JP5FM
          user_id: null
          parent_id: null
          origin_event: null
        conversation_id: null
        device_id: null
        language: en
      timestamp: '2024-05-27T22:42:56.812690+00:00'
    result:
      response:
        speech:
          plain:
            speech: Sorry, there are multiple devices called Smart Lock
            extra_data: null
        card: {}
        language: en
        response_type: error
        data:
          code: no_valid_targets
      conversation_id: null
