---
uuid: c3a04774-3fa0-46ee-ba38-8dc32e32f381
task_id: home1-us-['smart-lock-entry-unlocked']-Lock smart lock
task:
  home_id: home1-us
  input_text: Lock smart lock
  device_states:
  - name: Smart Lock
    area: Entry
    state: unlocked
response: Sorry, there are multiple devices called Smart Lock
context:
  device_context: {}
  conversation_trace:
    id: 01HYYQ797PFYE2KXYFNH966HDP
    events:
    - event_type: !!python/object/apply:homeassistant.components.conversation.trace.ConversationTraceEventType
      - async_process
      data:
        text: Lock smart lock
        context: !!python/object:homeassistant.core.Context
          id: 01HYYQ797PQD5092W5DJB7PPC8
          user_id: null
          parent_id: null
          origin_event: null
        conversation_id: null
        device_id: null
        language: en
      timestamp: '2024-05-28T04:27:03.799015+00:00'
    result:
      response:
        speech:
          plain:
            speech: Sorry, there are multiple devices called Smart Lock
            extra_data: null
        card: {}
        language: en
        response_type: error
        data:
          code: no_valid_targets
      conversation_id: null
