---
uuid: 8d7307c9-547f-47dc-8447-09252d3aae4a
task_id: home1_us_lock_smart_lock-unlock_smart_lock
category: lock
task:
  input_text: Unlock smart lock
  expect_changes:
    lock.smart_lock:
      state: unlocked
      attributes: null
response: Sorry, I couldn't find the smart lock associated with the Entry area. Please
  make sure that the device is added and configured correctly.
context:
  unexpected_states:
    lock.smart_lock:
      expected:
        state: unlocked
      got:
        state: locked
  conversation_trace:
  - event_type: async_process
    data:
      text: Unlock smart lock
      context:
        id: 01J3CBNTKV3X7D4Y5NTD2X8KGH
        parent_id: null
        user_id: null
      conversation_id: null
      device_id: null
      language: en
      agent_id: 01J3CBNTK0DV4G9XB1FRXXSSC7
  - event_type: agent_detail
    data:
      messages:
      - role: system
        content: "Current time is 21:37:26. Today's date is 2024-07-21.\nYou are a\
          \ voice assistant for Home Assistant.\nAnswer questions about the world\
          \ truthfully.\nTranslate the users command to control Home Assistant into\
          \ an intent tool call. Use HassTurnOn to lock and HassTurnOff to unlock\
          \ a lock. When controlling a device, prefer passing just its name and its\
          \ domain (what comes before the dot in its entity id). When controlling\
          \ an area, prefer passing just area name and domain.\nWhen a user asks to\
          \ turn on all devices of a specific type, ask user to specify an area, unless\
          \ there is only one device of that type.\nThis device is not able to start\
          \ timers.\nAn overview of the areas and the devices in this smart home:\n\
          - names: Smart Lock\n  domain: binary_sensor\n  state: 'off'\n  areas: Entry\n\
          \  attributes:\n    device_class: lock\n- names: Smart Lock Tamper\n  domain:\
          \ binary_sensor\n  state: 'off'\n  areas: Entry\n  attributes:\n    device_class:\
          \ tamper\n- names: Smart Lock Battery\n  domain: binary_sensor\n  state:\
          \ 'off'\n  areas: Entry\n  attributes:\n    device_class: battery\n- names:\
          \ Smart Lock\n  domain: lock\n  state: locked\n  areas: Entry\n- names:\
          \ Smart Lock Battery\n  domain: sensor\n  state: '90'\n  areas: Entry\n\
          \  attributes:\n    unit_of_measurement: '%'\n    device_class: battery\n"
      - role: user
        content: Unlock smart lock
      - role: assistant
        tool_calls:
        - function:
            name: HassTurnOff
            arguments:
              area: Entry
              device_class:
              - lock
              name: Smart Lock
      - role: tool
        content: '{"speech": {}, "response_type": "action_done", "data": {"targets":
          [], "success": [{"name": "Entry", "type": "area", "id": "entry"}], "failed":
          [{"name": "Smart Lock", "type": "entity", "id": "binary_sensor.smart_lock"}]}}'
      - role: assistant
        content: Sorry, I couldn't find the smart lock associated with the Entry area.
          Please make sure that the device is added and configured correctly.
      tools:
      - type: function
        function:
          name: HassTurnOn
          parameters:
            type: object
            properties:
              name:
                type: string
              area:
                type: string
              floor:
                type: string
              domain:
                type: array
                items:
                  type: string
              device_class:
                type: array
                items:
                  type: string
            required: []
          description: Turns on/opens a device or entity
      - type: function
        function:
          name: HassTurnOff
          parameters:
            type: object
            properties:
              name:
                type: string
              area:
                type: string
              floor:
                type: string
              domain:
                type: array
                items:
                  type: string
              device_class:
                type: array
                items:
                  type: string
            required: []
          description: Turns off/closes a device or entity
  - event_type: llm_tool_call
    data:
      tool_name: HassTurnOff
      tool_args:
        area: Entry
        device_class:
        - lock
        name: Smart Lock
