---
uuid: fa456416-60cd-445e-ab5a-42ebf0af7dd2
task_id: home1_us_lock_smart_lock-lock_smart_lock
category: lock
task:
  input_text: Lock smart lock
  expect_changes:
    lock.smart_lock:
      state: locked
      attributes: null
response: Smart lock in the Entry area has been locked.
context:
  unexpected_states: {}
  conversation_trace:
  - event_type: async_process
    data:
      text: Lock smart lock
      context:
        id: 01JK55QDY32Y1T9KNMV1AJEV4M
        parent_id: null
        user_id: null
      conversation_id: null
      device_id: null
      language: en
      agent_id: conversation.mock_title
      extra_system_prompt: null
  - event_type: agent_detail
    data:
      messages:
      - __dict__:
          role: system
          content: |
            Current time is 21:49:56. Today's date is 2025-02-02.
            You are a voice assistant for Home Assistant.
            Answer questions about the world truthfully.
            Answer in plain text. Keep it simple and to the point.
            When controlling Home Assistant always call the intent tools. Use HassTurnOn to lock and HassTurnOff to unlock a lock. When controlling a device, prefer passing just name and domain. When controlling an area, prefer passing just area name and domain.
            When a user asks to turn on all devices of a specific type, ask user to specify an area, unless there is only one device of that type.
            This device is not able to start timers.
            An overview of the areas and the devices in this smart home:
            - names: Smart Lock
              domain: binary_sensor
              state: 'off'
              areas: Entry
              attributes:
                device_class: lock
            - names: Smart Lock Tamper
              domain: binary_sensor
              state: 'off'
              areas: Entry
              attributes:
                device_class: tamper
            - names: Smart Lock Battery
              domain: binary_sensor
              state: 'off'
              areas: Entry
              attributes:
                device_class: battery
            - names: Smart Lock
              domain: lock
              state: unlocked
              areas: Entry
            - names: Smart Lock Battery
              domain: sensor
              state: '90'
              areas: Entry
              attributes:
                unit_of_measurement: '%'
                device_class: battery
          images: null
          tool_calls: null
        __pydantic_extra__: null
        __pydantic_fields_set__:
          role: null
          content: null
        __pydantic_private__: null
      - __dict__:
          role: user
          content: Lock smart lock
          images: null
          tool_calls: null
        __pydantic_extra__: null
        __pydantic_fields_set__:
          role: null
          content: null
        __pydantic_private__: null
      - __dict__:
          role: assistant
          content: ''
          images: null
          tool_calls:
          - __dict__:
              function:
                __dict__:
                  name: HassTurnOn
                  arguments:
                    area: Entry
                    domain: lock
                    name: Smart Lock
                __pydantic_extra__: null
                __pydantic_fields_set__:
                  name: null
                  arguments: null
                __pydantic_private__: null
            __pydantic_extra__: null
            __pydantic_fields_set__:
              function: null
            __pydantic_private__: null
        __pydantic_extra__: null
        __pydantic_fields_set__:
          tool_calls: null
          role: null
          content: null
        __pydantic_private__: null
      - __dict__:
          role: tool
          content: '{"speech": {}, "response_type": "action_done", "data": {"targets":
            [], "success": [{"name": "Entry", "type": "area", "id": "entry"}, {"name":
            "Smart Lock", "type": "entity", "id": "lock.smart_lock"}], "failed": []}}'
          images: null
          tool_calls: null
        __pydantic_extra__: null
        __pydantic_fields_set__:
          role: null
          content: null
        __pydantic_private__: null
      - __dict__:
          role: assistant
          content: Smart lock in the Entry area has been locked.
          images: null
          tool_calls: null
        __pydantic_extra__: null
        __pydantic_fields_set__:
          tool_calls: null
          role: null
          content: null
        __pydantic_private__: null
  - event_type: tool_call
    data:
      tool_name: HassTurnOn
      tool_args:
        area: Entry
        domain: lock
        name: Smart Lock
  tries: 0
