---
uuid: 422ad2fd-d26f-49ae-b948-568e82ceb7e7
task_id: home1_us_lock_smart_lock-unlock_smart_lock
category: lock
task:
  input_text: Unlock smart lock
  expect_changes:
    lock.smart_lock:
      state: unlocked
      attributes: null
response: I've successfully unlocked the Smart Lock for you. Is there anything else
  you need assistance with?
context:
  unexpected_states: {}
  conversation_trace:
  - event_type: async_process
    data:
      text: Unlock smart lock
      context:
        id: 01JM6837BE5DSNAKM7CEKN678Y
        parent_id: null
        user_id: null
      conversation_id: null
      device_id: null
      language: en
      agent_id: conversation.mock_title
      extra_system_prompt: null
  - event_type: agent_detail
    data:
      system: |
        Current time is 18:06:15. Today's date is 2025-02-15.
        You are a voice assistant for Home Assistant.
        Answer questions about the world truthfully.
        Answer in plain text. Keep it simple and to the point.
        When controlling Home Assistant always call the intent tools. Use HassTurnOn to lock and HassTurnOff to unlock a lock. When controlling a device, prefer passing just name and domain. When controlling an area, prefer passing just area name and domain.
        When a user asks to turn on all devices of a specific type, ask user to specify an area, unless there is only one device of that type.
        This device is not able to start timers.
        An overview of the areas and the devices in this smart home:
        - names: Smart Lock
          domain: binary_sensor
          state: 'off'
          areas: Entry
          attributes:
            device_class: lock
        - names: Smart Lock Tamper
          domain: binary_sensor
          state: 'off'
          areas: Entry
          attributes:
            device_class: tamper
        - names: Smart Lock Battery
          domain: binary_sensor
          state: 'off'
          areas: Entry
          attributes:
            device_class: battery
        - names: Smart Lock
          domain: lock
          state: locked
          areas: Entry
        - names: Smart Lock Battery
          domain: sensor
          state: '90'
          areas: Entry
          attributes:
            unit_of_measurement: '%'
            device_class: battery
      messages:
      - role: user
        content: Unlock smart lock
      - role: assistant
        content:
        - type: text
          text: Certainly! I'll unlock the smart lock for you. To do this, I'll use
            the HassTurnOff function, as turning off a lock is equivalent to unlocking
            it in Home Assistant.
        - type: tool_use
          id: toolu_01QMrctMbU341e8hqyLcmtUc
          name: HassTurnOff
          input:
            name: Smart Lock
            domain:
            - lock
      - role: user
        content:
        - type: tool_result
          tool_use_id: toolu_01QMrctMbU341e8hqyLcmtUc
          content: '{"speech": {}, "response_type": "action_done", "data": {"targets":
            [], "success": [{"name": "Smart Lock", "type": "entity", "id": "lock.smart_lock"}],
            "failed": []}}'
      - role: assistant
        content:
        - type: text
          text: I've successfully unlocked the Smart Lock for you. Is there anything
            else you need assistance with?
  - event_type: tool_call
    data:
      tool_name: HassTurnOff
      tool_args:
        name: Smart Lock
        domain:
        - lock
  tries: 0
