---
uuid: 5058ea4c-494f-4423-8c81-315cec837d8f
task_id: home1_us_lock_smart_lock-unlock_smart_lock
category: lock
task:
  input_text: Unlock smart lock
  expect_changes:
    lock.smart_lock:
      state: unlocked
      attributes: null
response: 'You can''t unlock the smart lock using the HassTurnOff tool. The HassTurnOff
  tool is used to unlock a device, but your smart lock has two domains (binary_sensor
  and lock) which is not supported by this tool.


  To unlock your smart lock, you need to use the HassTurnOn tool with the domain "lock".'
context:
  unexpected_states:
    lock.smart_lock:
      expected:
        state: unlocked
      got:
        state: locked
  conversation_trace:
  - event_type: async_process
    data:
      text: Unlock smart lock
      context:
        id: 01J8PCMBCR17AC8Y5EC6YVDHBH
        parent_id: null
        user_id: null
      conversation_id: null
      device_id: null
      language: en
      agent_id: conversation.mock_title
  - event_type: agent_detail
    data:
      messages:
      - role: system
        content: "Current time is 22:25:00. Today's date is 2024-09-25.\nYou are a\
          \ voice assistant for Home Assistant.\nAnswer questions about the world\
          \ truthfully.\nAnswer in plain text. Keep it simple and to the point.\n\
          When controlling Home Assistant always call the intent tools. Use HassTurnOn\
          \ to lock and HassTurnOff to unlock a lock. When controlling a device, prefer\
          \ passing just name and domain. When controlling an area, prefer passing\
          \ just area name and domain.\nWhen a user asks to turn on all devices of\
          \ a specific type, ask user to specify an area, unless there is only one\
          \ device of that type.\nThis device is not able to start timers.\nAn overview\
          \ of the areas and the devices in this smart home:\n- names: Smart Lock\n\
          \  domain: binary_sensor\n  state: 'off'\n  areas: Entry\n  attributes:\n\
          \    device_class: lock\n- names: Smart Lock Tamper\n  domain: binary_sensor\n\
          \  state: 'off'\n  areas: Entry\n  attributes:\n    device_class: tamper\n\
          - names: Smart Lock Battery\n  domain: binary_sensor\n  state: 'off'\n \
          \ areas: Entry\n  attributes:\n    device_class: battery\n- names: Smart\
          \ Lock\n  domain: lock\n  state: locked\n  areas: Entry\n- names: Smart\
          \ Lock Battery\n  domain: sensor\n  state: '90'\n  areas: Entry\n  attributes:\n\
          \    unit_of_measurement: '%'\n    device_class: battery\n"
      - role: user
        content: Unlock smart lock
      - role: assistant
        content: ''
        tool_calls:
        - function:
            name: HassTurnOff
            arguments:
              area: Entry
              device_class: '["lock"]'
              domain: '["binary_sensor", "lock"]'
      - role: tool
        content: '{"error": "InvalidSlotInfo", "error_text": "Received invalid slot
          info for HassTurnOff"}'
      - role: assistant
        content: 'You can''t unlock the smart lock using the HassTurnOff tool. The
          HassTurnOff tool is used to unlock a device, but your smart lock has two
          domains (binary_sensor and lock) which is not supported by this tool.


          To unlock your smart lock, you need to use the HassTurnOn tool with the
          domain "lock".'
        tool_calls: null
  - event_type: tool_call
    data:
      tool_name: HassTurnOff
      tool_args:
        area: Entry
        device_class:
        - lock
        domain:
        - binary_sensor
        - lock
  tries: 0
