---
category: smart-lock
tests:
- device: Smart Lock
  area: Garage
  device_id: smart_lock
  entity_id: lock.smart_lock
  sentences:
  - Lock the garage door
  - Lock the garage
  - Please lock the smart lock
- device: Smart Lock
  area: Garage
  device_id: smart_lock
  entity_id: lock.smart_lock
  sentences:
  - Unlock the garage door
  - Unlock the garage
  - Please unlock the smart lock
