---
category: smart-lock
tests:
- device: Front Door
  area: Shared Hallway
  device_id: front_door
  entity_id: lock.front_door
  sentences:
  - Please lock the front door
  - Lock the front door
  - Make sure the front door is locked
- device: Front Door
  area: Shared Hallway
  device_id: front_door
  entity_id: lock.front_door
  sentences:
  - Please unlock the front door
  - Unlock the front door
  - Open the front door
