---
home: parisian-apartment-fr
location: City center of Paris
type: Apartment
device:
  name: Smart Lock
  device_type: smart-lock
  device_info:
    model: Smart Lock Pro
    manufacturer: August
    sw_version: 4.2.1
  area: Bedroom 1
capabilities:
- Lock
- Unlock
actions:
  actions:
  - action: Lock
    sentences:
    - Lock the bedroom door
    - Lock Bedroom 1
    - Lock the smart lock
  - action: Unlock
    sentences:
    - Unlock the bedroom door
    - Unlock Bedroom 1
    - Unlock the smart lock
