---
category: smart-lock
tests:
- device: Front Door
  area: Entryway
  device_id: front_door
  entity_id: lock.front_door
  sentences:
  - Please unlock the entryway door
  function:
    name: HassTurnOff
    arguments:
      area: Entryway
      domain: lock
      name: all
- device: Front Door
  area: Entryway
  device_id: front_door
  entity_id: lock.front_door
  sentences:
  - Lock the front door please
  function:
    name: HassTurnOn
    arguments:
      name: Front Door
- device: Front Door
  area: Entryway
  device_id: front_door
  entity_id: lock.front_door
  sentences:
  - Please lock the entryway door
  function:
    name: HassTurnOn
    arguments:
      area: Entryway
      domain: lock
      name: all
- device: Front Door
  area: Entryway
  device_id: front_door
  entity_id: lock.front_door
  sentences:
  - Unlock the front door please
  function:
    name: HassTurnOff
    arguments:
      name: Front Door
