---
uuid: 820d80a6-8f0a-4c24-ab0b-1f8ac4b3ca25
task_id: home1_us_lock_smart_lock-lock_the_entry_lock
category: lock
task:
  input_text: Lock the entry lock
  expect_changes:
    lock.smart_lock:
      state: locked
      attributes: null
response: OK. I've locked the Smart Lock in the Entry.
context:
  unexpected_states: {}
  conversation_trace:
  - event_type: async_process
    data:
      text: Lock the entry lock
      context:
        id: 01JM6C3MBXKH85NJK93AJ655X2
        parent_id: null
        user_id: null
      conversation_id: null
      device_id: null
      language: en
      agent_id: conversation.mock_title
      extra_system_prompt: null
  - event_type: agent_detail
    data:
      messages:
      - role: system
        agent_id: conversation.mock_title
        content: |
          Current time is 19:16:23. Today's date is 2025-02-15.
          You are a voice assistant for Home Assistant.
          Answer questions about the world truthfully.
          Answer in plain text. Keep it simple and to the point.
          When controlling Home Assistant always call the intent tools. Use HassTurnOn to lock and HassTurnOff to unlock a lock. When controlling a device, prefer passing just name and domain. When controlling an area, prefer passing just area name and domain.
          When a user asks to turn on all devices of a specific type, ask user to specify an area, unless there is only one device of that type.
          This device is not able to start timers.
          An overview of the areas and the devices in this smart home:
          - names: Smart Lock
            domain: binary_sensor
            state: 'off'
            areas: Entry
            attributes:
              device_class: lock
          - names: Smart Lock Tamper
            domain: binary_sensor
            state: 'off'
            areas: Entry
            attributes:
              device_class: tamper
          - names: Smart Lock Battery
            domain: binary_sensor
            state: 'off'
            areas: Entry
            attributes:
              device_class: battery
          - names: Smart Lock
            domain: lock
            state: unlocked
            areas: Entry
          - names: Smart Lock Battery
            domain: sensor
            state: '90'
            areas: Entry
            attributes:
              unit_of_measurement: '%'
              device_class: battery
      - role: user
        agent_id: conversation.mock_title
        content: Lock the entry lock
      - role: native
        agent_id: conversation.mock_title
        content:
          state: |
            CvUBKvIBCgpIYXNzVHVybk9uEuMBCrIBCgRkYXRhEqkBKqYBCg0KB3RhcmdldHMSAjIACgwKBmZh
            aWxlZBICMgAKhgEKB3N1Y2Nlc3MSezJ5CjIqMAoPCgRuYW1lEgcaBUVudHJ5Cg0KAmlkEgcaBWVu
            dHJ5Cg4KBHR5cGUSBhoEYXJlYQpDKkEKFAoEbmFtZRIMGgpTbWFydCBMb2NrChcKAmlkEhEaD2xv
            Y2suc21hcnRfbG9jawoQCgR0eXBlEggaBmVudGl0eQoMCgZzcGVlY2gSAioACh4KDXJlc3BvbnNl
            X3R5cGUSDRoLYWN0aW9uX2RvbmUSBHVzZXI=
      - role: assistant
        agent_id: conversation.mock_title
        content: OK. I've locked the Smart Lock in the Entry.
      tools:
      - name: HassTurnOn
        description: Turns on/opens a device or entity
        parameters: '{Any(''name'', ''area'', ''floor'', msg=None): <function non_empty_string
          at 0x7fb131961bc0>, ''domain'': All(<function ensure_list at 0x7fb133d56ca0>,
          [<function string at 0x7fb133d64360>], msg=None), ''device_class'': All(<function
          ensure_list at 0x7fb133d56ca0>, [In([''water'', ''gas'', ''outlet'', ''switch'',
          ''tv'', ''speaker'', ''receiver'', ''awning'', ''blind'', ''curtain'', ''damper'',
          ''door'', ''garage'', ''gate'', ''shade'', ''shutter'', ''window''])], msg=None)}'
      - name: HassTurnOff
        description: Turns off/closes a device or entity
        parameters: '{Any(''name'', ''area'', ''floor'', msg=None): <function non_empty_string
          at 0x7fb131961bc0>, ''domain'': All(<function ensure_list at 0x7fb133d56ca0>,
          [<function string at 0x7fb133d64360>], msg=None), ''device_class'': All(<function
          ensure_list at 0x7fb133d56ca0>, [In([''water'', ''gas'', ''outlet'', ''switch'',
          ''tv'', ''speaker'', ''receiver'', ''awning'', ''blind'', ''curtain'', ''damper'',
          ''door'', ''garage'', ''gate'', ''shade'', ''shutter'', ''window''])], msg=None)}'
      - name: HassCancelAllTimers
        description: Cancels all timers
        parameters: '{''area'': <function string at 0x7fb133d64360>}'
  - event_type: tool_call
    data:
      tool_name: HassTurnOn
      tool_args:
        domain:
        - lock
        area: Entry
  tries: 0
