---
category: lock
tests:
  - sentences:
      - Lock smart lock
      - Lock the entry lock
    setup:
      lock.smart_lock:
        state: unlocked
    expect_changes:
      lock.smart_lock:
        state: locked
  - sentences:
      - Unlock smart lock
      - Unlock the entry lock
    setup:
      lock.smart_lock:
        state: locked
    expect_changes:
      lock.smart_lock:
        state: unlocked
